# This file is automatically @generated by Poetry 2.1.1 and should not be changed by hand.

[[package]]
name = "pytz"
version = "2025.1"
description = "World timezone definitions, modern and historical"
optional = false
python-versions = "*"
groups = ["main"]
files = [
    {file = "pytz-2025.1-py2.py3-none-any.whl", hash = "sha256:89dd22dca55b46eac6eda23b2d72721bf1bdfef212645d81513ef5d03038de57"},
    {file = "pytz-2025.1.tar.gz", hash = "sha256:c2db42be2a2518b28e65f9207c4d05e6ff547d1efa4086469ef855e4ab70178e"},
]

[metadata]
lock-version = "2.1"
python-versions = ">=3.13"
content-hash = "7272ffd2b8c5faf753b74ef29ba75d9212351ac9aaa71a23b52a0108a31f7789"
